
Microsoft Visual Studio Solution File, Format Version 12.00
# Visual Studio Version 17
VisualStudioVersion = 17.13.35919.96 d17.13
MinimumVisualStudioVersion = 10.0.40219.1
Project("{FAE04EC0-301F-11D3-BF4B-00C04F79EFBC}") = "Assignment 1.4.1", "Assignment 1.4.1.csproj", "{C74F6F3D-7EAD-4DBD-A9A9-53F24B53016B}"
EndProject
Global
	GlobalSection(SolutionConfigurationPlatforms) = preSolution
		Debug|Any CPU = Debug|Any CPU
		Release|Any CPU = Release|Any CPU
	EndGlobalSection
	GlobalSection(ProjectConfigurationPlatforms) = postSolution
		{C74F6F3D-7EAD-4DBD-A9A9-53F24B53016B}.Debug|Any CPU.ActiveCfg = Debug|Any CPU
		{C74F6F3D-7EAD-4DBD-A9A9-53F24B53016B}.Debug|Any CPU.Build.0 = Debug|Any CPU
		{C74F6F3D-7EAD-4DBD-A9A9-53F24B53016B}.Release|Any CPU.ActiveCfg = Release|Any CPU
		{C74F6F3D-7EAD-4DBD-A9A9-53F24B53016B}.Release|Any CPU.Build.0 = Release|Any CPU
	EndGlobalSection
	GlobalSection(SolutionProperties) = preSolution
		HideSolutionNode = FALSE
	EndGlobalSection
	GlobalSection(ExtensibilityGlobals) = postSolution
		SolutionGuid = {0ADCFEC8-1D56-411E-B02E-E00D8EBBA05F}
	EndGlobalSection
EndGlobal
